
Microsoft Visual Studio Solution File, Format Version 12.00
# Visual Studio Version 17
VisualStudioVersion = 17.14.36414.22
MinimumVisualStudioVersion = 10.0.40219.1
Project("{FAE04EC0-301F-11D3-BF4B-00C04F79EFBC}") = "H_Ethernet", "projects\H_Ethernet\H_Ethernet.csproj", "{501B1217-A194-8696-33EE-BCC75886C2B0}"
EndProject
Global
	GlobalSection(SolutionConfigurationPlatforms) = preSolution
		Debug|Any CPU = Debug|Any CPU
		Release|Any CPU = Release|Any CPU
	EndGlobalSection
	GlobalSection(ProjectConfigurationPlatforms) = postSolution
		{501B1217-A194-8696-33EE-BCC75886C2B0}.Debug|Any CPU.ActiveCfg = Debug|Any CPU
		{501B1217-A194-8696-33EE-BCC75886C2B0}.Debug|Any CPU.Build.0 = Debug|Any CPU
		{501B1217-A194-8696-33EE-BCC75886C2B0}.Release|Any CPU.ActiveCfg = Release|Any CPU
		{501B1217-A194-8696-33EE-BCC75886C2B0}.Release|Any CPU.Build.0 = Release|Any CPU
	EndGlobalSection
	GlobalSection(SolutionProperties) = preSolution
		HideSolutionNode = FALSE
	EndGlobalSection
	GlobalSection(ExtensibilityGlobals) = postSolution
		SolutionGuid = {194AA4BF-6B19-4C97-9C9C-ABE0FE65F645}
	EndGlobalSection
EndGlobal
